# This file is automatically @generated by Poetry 1.8.3 and should not be changed by hand.

[[package]]
name = "aiofiles"
version = "23.2.1"
description = "File support for asyncio."
optional = false
python-versions = ">=3.7"
files = [
    {file = "aiofiles-23.2.1-py3-none-any.whl", hash = "sha256:19297512c647d4b27a2cf7c34caa7e405c0d60b5560618a29a9fe027b18b0107"},
    {file = "aiofiles-23.2.1.tar.gz", hash = "sha256:84ec2218d8419404abcb9f0c02df3f34c6e0a68ed41072acfb1cef5cbc29051a"},
]

[[package]]
name = "annotated-types"
version = "0.7.0"
description = "Reusable constraint types to use with typing.Annotated"
optional = false
python-versions = ">=3.8"
files = [
    {file = "annotated_types-0.7.0-py3-none-any.whl", hash = "sha256:1f02e8b43a8fbbc3f3e0d4f0f4bfc8131bcb4eebe8849b8e5c773f3a1c582a53"},
    {file = "annotated_types-0.7.0.tar.gz", hash = "sha256:aff07c09a53a08bc8cfccb9c85b05f1aa9a2a6f23728d790723543408344ce89"},
]

[[package]]
name = "anyio"
version = "4.4.0"
description = "High level compatibility layer for multiple asynchronous event loop implementations"
optional = false
python-versions = ">=3.8"
files = [
    {file = "anyio-4.4.0-py3-none-any.whl", hash = "sha256:c1b2d8f46a8a812513012e1107cb0e68c17159a7a594208005a57dc776e1bdc7"},
    {file = "anyio-4.4.0.tar.gz", hash = "sha256:5aadc6a1bbb7cdb0bede386cac5e2940f5e2ff3aa20277e991cf028e0585ce94"},
]

[package.dependencies]
exceptiongroup = {version = ">=1.0.2", markers = "python_version < \"3.11\""}
idna = ">=2.8"
sniffio = ">=1.1"
typing-extensions = {version = ">=4.1", markers = "python_version < \"3.11\""}

[package.extras]
doc = ["Sphinx (>=7)", "packaging", "sphinx-autodoc-typehints (>=1.2.0)", "sphinx-rtd-theme"]
test = ["anyio[trio]", "coverage[toml] (>=7)", "exceptiongroup (>=1.2.0)", "hypothesis (>=4.0)", "psutil (>=5.9)", "pytest (>=7.0)", "pytest-mock (>=3.6.1)", "trustme", "uvloop (>=0.17)"]
trio = ["trio (>=0.23)"]

[[package]]
name = "asyncio-mqtt"
version = "0.8.1"
description = "Idomatic asyncio wrapper around paho-mqtt."
optional = false
python-versions = "*"
files = [
    {file = "asyncio_mqtt-0.8.1-py3-none-any.whl", hash = "sha256:7f9d1a03a4763b6fefe43ee4f33155b35e68bf0b77adc290fc7ed69a30840a67"},
    {file = "asyncio_mqtt-0.8.1.tar.gz", hash = "sha256:c1b3bea68a35c83d290a89903079ffb311106195cd56867e201633a1ee1cad0c"},
]

[package.dependencies]
paho-mqtt = ">=1.5.0"

[[package]]
name = "exceptiongroup"
version = "1.2.1"
description = "Backport of PEP 654 (exception groups)"
optional = false
python-versions = ">=3.7"
files = [
    {file = "exceptiongroup-1.2.1-py3-none-any.whl", hash = "sha256:5258b9ed329c5bbdd31a309f53cbfb0b155341807f6ff7606a1e801a891b29ad"},
    {file = "exceptiongroup-1.2.1.tar.gz", hash = "sha256:a4785e48b045528f5bfe627b6ad554ff32def154f42372786903b7abcfe1aa16"},
]

[package.extras]
test = ["pytest (>=6)"]

[[package]]
name = "idna"
version = "3.7"
description = "Internationalized Domain Names in Applications (IDNA)"
optional = false
python-versions = ">=3.5"
files = [
    {file = "idna-3.7-py3-none-any.whl", hash = "sha256:82fee1fc78add43492d3a1898bfa6d8a904cc97d8427f683ed8e798d07761aa0"},
    {file = "idna-3.7.tar.gz", hash = "sha256:028ff3aadf0609c1fd278d8ea3089299412a7a8b9bd005dd08b9f8285bcb5cfc"},
]

[[package]]
name = "paho-mqtt"
version = "1.5.1"
description = "MQTT version 5.0/3.1.1 client class"
optional = false
python-versions = "*"
files = [
    {file = "paho-mqtt-1.5.1.tar.gz", hash = "sha256:9feb068e822be7b3a116324e01fb6028eb1d66412bf98595ae72698965cb1cae"},
]

[package.extras]
proxy = ["PySocks"]

[[package]]
name = "pydantic"
version = "2.8.0"
description = "Data validation using Python type hints"
optional = false
python-versions = ">=3.8"
files = [
    {file = "pydantic-2.8.0-py3-none-any.whl", hash = "sha256:ead4f3a1e92386a734ca1411cb25d94147cf8778ed5be6b56749047676d6364e"},
    {file = "pydantic-2.8.0.tar.gz", hash = "sha256:d970ffb9d030b710795878940bd0489842c638e7252fc4a19c3ae2f7da4d6141"},
]

[package.dependencies]
annotated-types = ">=0.4.0"
pydantic-core = "2.20.0"
typing-extensions = [
    {version = ">=4.12.2", markers = "python_version >= \"3.13\""},
    {version = ">=4.6.1", markers = "python_version < \"3.13\""},
]

[package.extras]
email = ["email-validator (>=2.0.0)"]

[[package]]
name = "pydantic-core"
version = "2.20.0"
description = "Core functionality for Pydantic validation and serialization"
optional = false
python-versions = ">=3.8"
files = [
    {file = "pydantic_core-2.20.0-cp310-cp310-macosx_10_12_x86_64.whl", hash = "sha256:e9dcd7fb34f7bfb239b5fa420033642fff0ad676b765559c3737b91f664d4fa9"},
    {file = "pydantic_core-2.20.0-cp310-cp310-macosx_11_0_arm64.whl", hash = "sha256:649a764d9b0da29816889424697b2a3746963ad36d3e0968784ceed6e40c6355"},
    {file = "pydantic_core-2.20.0-cp310-cp310-manylinux_2_17_aarch64.manylinux2014_aarch64.whl", hash = "sha256:7701df088d0b05f3460f7ba15aec81ac8b0fb5690367dfd072a6c38cf5b7fdb5"},
    {file = "pydantic_core-2.20.0-cp310-cp310-manylinux_2_17_armv7l.manylinux2014_armv7l.whl", hash = "sha256:ab760f17c3e792225cdaef31ca23c0aea45c14ce80d8eff62503f86a5ab76bff"},
    {file = "pydantic_core-2.20.0-cp310-cp310-manylinux_2_17_ppc64le.manylinux2014_ppc64le.whl", hash = "sha256:cb1ad5b4d73cde784cf64580166568074f5ccd2548d765e690546cff3d80937d"},
    {file = "pydantic_core-2.20.0-cp310-cp310-manylinux_2_17_s390x.manylinux2014_s390x.whl", hash = "sha256:b81ec2efc04fc1dbf400647d4357d64fb25543bae38d2d19787d69360aad21c9"},
    {file = "pydantic_core-2.20.0-cp310-cp310-manylinux_2_17_x86_64.manylinux2014_x86_64.whl", hash = "sha256:c4a9732a5cad764ba37f3aa873dccb41b584f69c347a57323eda0930deec8e10"},
    {file = "pydantic_core-2.20.0-cp310-cp310-manylinux_2_5_i686.manylinux1_i686.whl", hash = "sha256:6dc85b9e10cc21d9c1055f15684f76fa4facadddcb6cd63abab702eb93c98943"},
    {file = "pydantic_core-2.20.0-cp310-cp310-musllinux_1_1_aarch64.whl", hash = "sha256:21d9f7e24f63fdc7118e6cc49defaab8c1d27570782f7e5256169d77498cf7c7"},
    {file = "pydantic_core-2.20.0-cp310-cp310-musllinux_1_1_x86_64.whl", hash = "sha256:8b315685832ab9287e6124b5d74fc12dda31e6421d7f6b08525791452844bc2d"},
    {file = "pydantic_core-2.20.0-cp310-none-win32.whl", hash = "sha256:c3dc8ec8b87c7ad534c75b8855168a08a7036fdb9deeeed5705ba9410721c84d"},
    {file = "pydantic_core-2.20.0-cp310-none-win_amd64.whl", hash = "sha256:85770b4b37bb36ef93a6122601795231225641003e0318d23c6233c59b424279"},
    {file = "pydantic_core-2.20.0-cp311-cp311-macosx_10_12_x86_64.whl", hash = "sha256:58e251bb5a5998f7226dc90b0b753eeffa720bd66664eba51927c2a7a2d5f32c"},
    {file = "pydantic_core-2.20.0-cp311-cp311-macosx_11_0_arm64.whl", hash = "sha256:78d584caac52c24240ef9ecd75de64c760bbd0e20dbf6973631815e3ef16ef8b"},
    {file = "pydantic_core-2.20.0-cp311-cp311-manylinux_2_17_aarch64.manylinux2014_aarch64.whl", hash = "sha256:5084ec9721f82bef5ff7c4d1ee65e1626783abb585f8c0993833490b63fe1792"},
    {file = "pydantic_core-2.20.0-cp311-cp311-manylinux_2_17_armv7l.manylinux2014_armv7l.whl", hash = "sha256:6d0f52684868db7c218437d260e14d37948b094493f2646f22d3dda7229bbe3f"},
    {file = "pydantic_core-2.20.0-cp311-cp311-manylinux_2_17_ppc64le.manylinux2014_ppc64le.whl", hash = "sha256:1def125d59a87fe451212a72ab9ed34c118ff771e5473fef4f2f95d8ede26d75"},
    {file = "pydantic_core-2.20.0-cp311-cp311-manylinux_2_17_s390x.manylinux2014_s390x.whl", hash = "sha256:b34480fd6778ab356abf1e9086a4ced95002a1e195e8d2fd182b0def9d944d11"},
    {file = "pydantic_core-2.20.0-cp311-cp311-manylinux_2_17_x86_64.manylinux2014_x86_64.whl", hash = "sha256:d42669d319db366cb567c3b444f43caa7ffb779bf9530692c6f244fc635a41eb"},
    {file = "pydantic_core-2.20.0-cp311-cp311-manylinux_2_5_i686.manylinux1_i686.whl", hash = "sha256:53b06aea7a48919a254b32107647be9128c066aaa6ee6d5d08222325f25ef175"},
    {file = "pydantic_core-2.20.0-cp311-cp311-musllinux_1_1_aarch64.whl", hash = "sha256:1f038156b696a1c39d763b2080aeefa87ddb4162c10aa9fabfefffc3dd8180fa"},
    {file = "pydantic_core-2.20.0-cp311-cp311-musllinux_1_1_x86_64.whl", hash = "sha256:3f0f3a4a23717280a5ee3ac4fb1f81d6fde604c9ec5100f7f6f987716bb8c137"},
    {file = "pydantic_core-2.20.0-cp311-none-win32.whl", hash = "sha256:316fe7c3fec017affd916a0c83d6f1ec697cbbbdf1124769fa73328e7907cc2e"},
    {file = "pydantic_core-2.20.0-cp311-none-win_amd64.whl", hash = "sha256:2d06a7fa437f93782e3f32d739c3ec189f82fca74336c08255f9e20cea1ed378"},
    {file = "pydantic_core-2.20.0-cp312-cp312-macosx_10_12_x86_64.whl", hash = "sha256:d6f8c49657f3eb7720ed4c9b26624063da14937fc94d1812f1e04a2204db3e17"},
    {file = "pydantic_core-2.20.0-cp312-cp312-macosx_11_0_arm64.whl", hash = "sha256:ad1bd2f377f56fec11d5cfd0977c30061cd19f4fa199bf138b200ec0d5e27eeb"},
    {file = "pydantic_core-2.20.0-cp312-cp312-manylinux_2_17_aarch64.manylinux2014_aarch64.whl", hash = "sha256:ed741183719a5271f97d93bbcc45ed64619fa38068aaa6e90027d1d17e30dc8d"},
    {file = "pydantic_core-2.20.0-cp312-cp312-manylinux_2_17_armv7l.manylinux2014_armv7l.whl", hash = "sha256:d82e5ed3a05f2dcb89c6ead2fd0dbff7ac09bc02c1b4028ece2d3a3854d049ce"},
    {file = "pydantic_core-2.20.0-cp312-cp312-manylinux_2_17_ppc64le.manylinux2014_ppc64le.whl", hash = "sha256:b2ba34a099576234671f2e4274e5bc6813b22e28778c216d680eabd0db3f7dad"},
    {file = "pydantic_core-2.20.0-cp312-cp312-manylinux_2_17_s390x.manylinux2014_s390x.whl", hash = "sha256:879ae6bb08a063b3e1b7ac8c860096d8fd6b48dd9b2690b7f2738b8c835e744b"},
    {file = "pydantic_core-2.20.0-cp312-cp312-manylinux_2_17_x86_64.manylinux2014_x86_64.whl", hash = "sha256:0b0eefc7633a04c0694340aad91fbfd1986fe1a1e0c63a22793ba40a18fcbdc8"},
    {file = "pydantic_core-2.20.0-cp312-cp312-manylinux_2_5_i686.manylinux1_i686.whl", hash = "sha256:73deadd6fd8a23e2f40b412b3ac617a112143c8989a4fe265050fd91ba5c0608"},
    {file = "pydantic_core-2.20.0-cp312-cp312-musllinux_1_1_aarch64.whl", hash = "sha256:35681445dc85446fb105943d81ae7569aa7e89de80d1ca4ac3229e05c311bdb1"},
    {file = "pydantic_core-2.20.0-cp312-cp312-musllinux_1_1_x86_64.whl", hash = "sha256:0f6dd3612a3b9f91f2e63924ea18a4476656c6d01843ca20a4c09e00422195af"},
    {file = "pydantic_core-2.20.0-cp312-none-win32.whl", hash = "sha256:7e37b6bb6e90c2b8412b06373c6978d9d81e7199a40e24a6ef480e8acdeaf918"},
    {file = "pydantic_core-2.20.0-cp312-none-win_amd64.whl", hash = "sha256:7d4df13d1c55e84351fab51383520b84f490740a9f1fec905362aa64590b7a5d"},
    {file = "pydantic_core-2.20.0-cp313-cp313-macosx_10_12_x86_64.whl", hash = "sha256:d43e7ab3b65e4dc35a7612cfff7b0fd62dce5bc11a7cd198310b57f39847fd6c"},
    {file = "pydantic_core-2.20.0-cp313-cp313-manylinux_2_17_aarch64.manylinux2014_aarch64.whl", hash = "sha256:7b6a24d7b5893392f2b8e3b7a0031ae3b14c6c1942a4615f0d8794fdeeefb08b"},
    {file = "pydantic_core-2.20.0-cp313-cp313-manylinux_2_17_armv7l.manylinux2014_armv7l.whl", hash = "sha256:b2f13c3e955a087c3ec86f97661d9f72a76e221281b2262956af381224cfc243"},
    {file = "pydantic_core-2.20.0-cp313-cp313-manylinux_2_17_ppc64le.manylinux2014_ppc64le.whl", hash = "sha256:72432fd6e868c8d0a6849869e004b8bcae233a3c56383954c228316694920b38"},
    {file = "pydantic_core-2.20.0-cp313-cp313-manylinux_2_17_s390x.manylinux2014_s390x.whl", hash = "sha256:d70a8ff2d4953afb4cbe6211f17268ad29c0b47e73d3372f40e7775904bc28fc"},
    {file = "pydantic_core-2.20.0-cp313-cp313-manylinux_2_17_x86_64.manylinux2014_x86_64.whl", hash = "sha256:8e49524917b8d3c2f42cd0d2df61178e08e50f5f029f9af1f402b3ee64574392"},
    {file = "pydantic_core-2.20.0-cp313-cp313-manylinux_2_5_i686.manylinux1_i686.whl", hash = "sha256:a4f0f71653b1c1bad0350bc0b4cc057ab87b438ff18fa6392533811ebd01439c"},
    {file = "pydantic_core-2.20.0-cp313-cp313-musllinux_1_1_aarch64.whl", hash = "sha256:16197e6f4fdecb9892ed2436e507e44f0a1aa2cff3b9306d1c879ea2f9200997"},
    {file = "pydantic_core-2.20.0-cp313-cp313-musllinux_1_1_x86_64.whl", hash = "sha256:763602504bf640b3ded3bba3f8ed8a1cc2fc6a87b8d55c1c5689f428c49c947e"},
    {file = "pydantic_core-2.20.0-cp313-none-win32.whl", hash = "sha256:a3f243f318bd9523277fa123b3163f4c005a3e8619d4b867064de02f287a564d"},
    {file = "pydantic_core-2.20.0-cp313-none-win_amd64.whl", hash = "sha256:03aceaf6a5adaad3bec2233edc5a7905026553916615888e53154807e404545c"},
    {file = "pydantic_core-2.20.0-cp38-cp38-macosx_10_12_x86_64.whl", hash = "sha256:d6f2d8b8da1f03f577243b07bbdd3412eee3d37d1f2fd71d1513cbc76a8c1239"},
    {file = "pydantic_core-2.20.0-cp38-cp38-macosx_11_0_arm64.whl", hash = "sha256:a272785a226869416c6b3c1b7e450506152d3844207331f02f27173562c917e0"},
    {file = "pydantic_core-2.20.0-cp38-cp38-manylinux_2_17_aarch64.manylinux2014_aarch64.whl", hash = "sha256:efbb412d55a4ffe73963fed95c09ccb83647ec63b711c4b3752be10a56f0090b"},
    {file = "pydantic_core-2.20.0-cp38-cp38-manylinux_2_17_armv7l.manylinux2014_armv7l.whl", hash = "sha256:1e4f46189d8740561b43655263a41aac75ff0388febcb2c9ec4f1b60a0ec12f3"},
    {file = "pydantic_core-2.20.0-cp38-cp38-manylinux_2_17_ppc64le.manylinux2014_ppc64le.whl", hash = "sha256:87d3df115f4a3c8c5e4d5acf067d399c6466d7e604fc9ee9acbe6f0c88a0c3cf"},
    {file = "pydantic_core-2.20.0-cp38-cp38-manylinux_2_17_s390x.manylinux2014_s390x.whl", hash = "sha256:a340d2bdebe819d08f605e9705ed551c3feb97e4fd71822d7147c1e4bdbb9508"},
    {file = "pydantic_core-2.20.0-cp38-cp38-manylinux_2_17_x86_64.manylinux2014_x86_64.whl", hash = "sha256:616b9c2f882393d422ba11b40e72382fe975e806ad693095e9a3b67c59ea6150"},
    {file = "pydantic_core-2.20.0-cp38-cp38-manylinux_2_5_i686.manylinux1_i686.whl", hash = "sha256:25c46bb2ff6084859bbcfdf4f1a63004b98e88b6d04053e8bf324e115398e9e7"},
    {file = "pydantic_core-2.20.0-cp38-cp38-musllinux_1_1_aarch64.whl", hash = "sha256:23425eccef8f2c342f78d3a238c824623836c6c874d93c726673dbf7e56c78c0"},
    {file = "pydantic_core-2.20.0-cp38-cp38-musllinux_1_1_x86_64.whl", hash = "sha256:52527e8f223ba29608d999d65b204676398009725007c9336651c2ec2d93cffc"},
    {file = "pydantic_core-2.20.0-cp38-none-win32.whl", hash = "sha256:1c3c5b7f70dd19a6845292b0775295ea81c61540f68671ae06bfe4421b3222c2"},
    {file = "pydantic_core-2.20.0-cp38-none-win_amd64.whl", hash = "sha256:8093473d7b9e908af1cef30025609afc8f5fd2a16ff07f97440fd911421e4432"},
    {file = "pydantic_core-2.20.0-cp39-cp39-macosx_10_12_x86_64.whl", hash = "sha256:ee7785938e407418795e4399b2bf5b5f3cf6cf728077a7f26973220d58d885cf"},
    {file = "pydantic_core-2.20.0-cp39-cp39-macosx_11_0_arm64.whl", hash = "sha256:0e75794883d635071cf6b4ed2a5d7a1e50672ab7a051454c76446ef1ebcdcc91"},
    {file = "pydantic_core-2.20.0-cp39-cp39-manylinux_2_17_aarch64.manylinux2014_aarch64.whl", hash = "sha256:344e352c96e53b4f56b53d24728217c69399b8129c16789f70236083c6ceb2ac"},
    {file = "pydantic_core-2.20.0-cp39-cp39-manylinux_2_17_armv7l.manylinux2014_armv7l.whl", hash = "sha256:978d4123ad1e605daf1ba5e01d4f235bcf7b6e340ef07e7122e8e9cfe3eb61ab"},
    {file = "pydantic_core-2.20.0-cp39-cp39-manylinux_2_17_ppc64le.manylinux2014_ppc64le.whl", hash = "sha256:3c05eaf6c863781eb834ab41f5963604ab92855822a2062897958089d1335dad"},
    {file = "pydantic_core-2.20.0-cp39-cp39-manylinux_2_17_s390x.manylinux2014_s390x.whl", hash = "sha256:bc7e43b4a528ffca8c9151b6a2ca34482c2fdc05e6aa24a84b7f475c896fc51d"},
    {file = "pydantic_core-2.20.0-cp39-cp39-manylinux_2_17_x86_64.manylinux2014_x86_64.whl", hash = "sha256:658287a29351166510ebbe0a75c373600cc4367a3d9337b964dada8d38bcc0f4"},
    {file = "pydantic_core-2.20.0-cp39-cp39-manylinux_2_5_i686.manylinux1_i686.whl", hash = "sha256:1dacf660d6de692fe351e8c806e7efccf09ee5184865893afbe8e59be4920b4a"},
    {file = "pydantic_core-2.20.0-cp39-cp39-musllinux_1_1_aarch64.whl", hash = "sha256:3e147fc6e27b9a487320d78515c5f29798b539179f7777018cedf51b7749e4f4"},
    {file = "pydantic_core-2.20.0-cp39-cp39-musllinux_1_1_x86_64.whl", hash = "sha256:c867230d715a3dd1d962c8d9bef0d3168994ed663e21bf748b6e3a529a129aab"},
    {file = "pydantic_core-2.20.0-cp39-none-win32.whl", hash = "sha256:22b813baf0dbf612752d8143a2dbf8e33ccb850656b7850e009bad2e101fc377"},
    {file = "pydantic_core-2.20.0-cp39-none-win_amd64.whl", hash = "sha256:3a7235b46c1bbe201f09b6f0f5e6c36b16bad3d0532a10493742f91fbdc8035f"},
    {file = "pydantic_core-2.20.0-pp310-pypy310_pp73-macosx_10_12_x86_64.whl", hash = "sha256:cafde15a6f7feaec2f570646e2ffc5b73412295d29134a29067e70740ec6ee20"},
    {file = "pydantic_core-2.20.0-pp310-pypy310_pp73-macosx_11_0_arm64.whl", hash = "sha256:2aec8eeea0b08fd6bc2213d8e86811a07491849fd3d79955b62d83e32fa2ad5f"},
    {file = "pydantic_core-2.20.0-pp310-pypy310_pp73-manylinux_2_17_aarch64.manylinux2014_aarch64.whl", hash = "sha256:840200827984f1c4e114008abc2f5ede362d6e11ed0b5931681884dd41852ff1"},
    {file = "pydantic_core-2.20.0-pp310-pypy310_pp73-manylinux_2_17_x86_64.manylinux2014_x86_64.whl", hash = "sha256:f8ea1d8b7df522e5ced34993c423c3bf3735c53df8b2a15688a2f03a7d678800"},
    {file = "pydantic_core-2.20.0-pp310-pypy310_pp73-manylinux_2_5_i686.manylinux1_i686.whl", hash = "sha256:d5b8376a867047bf08910573deb95d3c8dfb976eb014ee24f3b5a61ccc5bee1b"},
    {file = "pydantic_core-2.20.0-pp310-pypy310_pp73-musllinux_1_1_aarch64.whl", hash = "sha256:d08264b4460326cefacc179fc1411304d5af388a79910832835e6f641512358b"},
    {file = "pydantic_core-2.20.0-pp310-pypy310_pp73-musllinux_1_1_x86_64.whl", hash = "sha256:7a3639011c2e8a9628466f616ed7fb413f30032b891898e10895a0a8b5857d6c"},
    {file = "pydantic_core-2.20.0-pp310-pypy310_pp73-win_amd64.whl", hash = "sha256:05e83ce2f7eba29e627dd8066aa6c4c0269b2d4f889c0eba157233a353053cea"},
    {file = "pydantic_core-2.20.0-pp39-pypy39_pp73-macosx_10_12_x86_64.whl", hash = "sha256:603a843fea76a595c8f661cd4da4d2281dff1e38c4a836a928eac1a2f8fe88e4"},
    {file = "pydantic_core-2.20.0-pp39-pypy39_pp73-macosx_11_0_arm64.whl", hash = "sha256:ac76f30d5d3454f4c28826d891fe74d25121a346c69523c9810ebba43f3b1cec"},
    {file = "pydantic_core-2.20.0-pp39-pypy39_pp73-manylinux_2_17_aarch64.manylinux2014_aarch64.whl", hash = "sha256:22e3b1d4b1b3f6082849f9b28427ef147a5b46a6132a3dbaf9ca1baa40c88609"},
    {file = "pydantic_core-2.20.0-pp39-pypy39_pp73-manylinux_2_17_x86_64.manylinux2014_x86_64.whl", hash = "sha256:2761f71faed820e25ec62eacba670d1b5c2709bb131a19fcdbfbb09884593e5a"},
    {file = "pydantic_core-2.20.0-pp39-pypy39_pp73-manylinux_2_5_i686.manylinux1_i686.whl", hash = "sha256:a0586cddbf4380e24569b8a05f234e7305717cc8323f50114dfb2051fcbce2a3"},
    {file = "pydantic_core-2.20.0-pp39-pypy39_pp73-musllinux_1_1_aarch64.whl", hash = "sha256:b8c46a8cf53e849eea7090f331ae2202cd0f1ceb090b00f5902c423bd1e11805"},
    {file = "pydantic_core-2.20.0-pp39-pypy39_pp73-musllinux_1_1_x86_64.whl", hash = "sha256:b4a085bd04af7245e140d1b95619fe8abb445a3d7fdf219b3f80c940853268ef"},
    {file = "pydantic_core-2.20.0-pp39-pypy39_pp73-win_amd64.whl", hash = "sha256:116b326ac82c8b315e7348390f6d30bcfe6e688a7d3f1de50ff7bcc2042a23c2"},
    {file = "pydantic_core-2.20.0.tar.gz", hash = "sha256:366be8e64e0cb63d87cf79b4e1765c0703dd6313c729b22e7b9e378db6b96877"},
]

[package.dependencies]
typing-extensions = ">=4.6.0,<4.7.0 || >4.7.0"

[[package]]
name = "pyyaml"
version = "6.0.1"
description = "YAML parser and emitter for Python"
optional = false
python-versions = ">=3.6"
files = [
    {file = "PyYAML-6.0.1-cp310-cp310-macosx_10_9_x86_64.whl", hash = "sha256:d858aa552c999bc8a8d57426ed01e40bef403cd8ccdd0fc5f6f04a00414cac2a"},
    {file = "PyYAML-6.0.1-cp310-cp310-macosx_11_0_arm64.whl", hash = "sha256:fd66fc5d0da6d9815ba2cebeb4205f95818ff4b79c3ebe268e75d961704af52f"},
    {file = "PyYAML-6.0.1-cp310-cp310-manylinux_2_17_aarch64.manylinux2014_aarch64.whl", hash = "sha256:69b023b2b4daa7548bcfbd4aa3da05b3a74b772db9e23b982788168117739938"},
    {file = "PyYAML-6.0.1-cp310-cp310-manylinux_2_17_s390x.manylinux2014_s390x.whl", hash = "sha256:81e0b275a9ecc9c0c0c07b4b90ba548307583c125f54d5b6946cfee6360c733d"},
    {file = "PyYAML-6.0.1-cp310-cp310-manylinux_2_17_x86_64.manylinux2014_x86_64.whl", hash = "sha256:ba336e390cd8e4d1739f42dfe9bb83a3cc2e80f567d8805e11b46f4a943f5515"},
    {file = "PyYAML-6.0.1-cp310-cp310-musllinux_1_1_x86_64.whl", hash = "sha256:326c013efe8048858a6d312ddd31d56e468118ad4cdeda36c719bf5bb6192290"},
    {file = "PyYAML-6.0.1-cp310-cp310-win32.whl", hash = "sha256:bd4af7373a854424dabd882decdc5579653d7868b8fb26dc7d0e99f823aa5924"},
    {file = "PyYAML-6.0.1-cp310-cp310-win_amd64.whl", hash = "sha256:fd1592b3fdf65fff2ad0004b5e363300ef59ced41c2e6b3a99d4089fa8c5435d"},
    {file = "PyYAML-6.0.1-cp311-cp311-macosx_10_9_x86_64.whl", hash = "sha256:6965a7bc3cf88e5a1c3bd2e0b5c22f8d677dc88a455344035f03399034eb3007"},
    {file = "PyYAML-6.0.1-cp311-cp311-macosx_11_0_arm64.whl", hash = "sha256:f003ed9ad21d6a4713f0a9b5a7a0a79e08dd0f221aff4525a2be4c346ee60aab"},
    {file = "PyYAML-6.0.1-cp311-cp311-manylinux_2_17_aarch64.manylinux2014_aarch64.whl", hash = "sha256:42f8152b8dbc4fe7d96729ec2b99c7097d656dc1213a3229ca5383f973a5ed6d"},
    {file = "PyYAML-6.0.1-cp311-cp311-manylinux_2_17_s390x.manylinux2014_s390x.whl", hash = "sha256:062582fca9fabdd2c8b54a3ef1c978d786e0f6b3a1510e0ac93ef59e0ddae2bc"},
    {file = "PyYAML-6.0.1-cp311-cp311-manylinux_2_17_x86_64.manylinux2014_x86_64.whl", hash = "sha256:d2b04aac4d386b172d5b9692e2d2da8de7bfb6c387fa4f801fbf6fb2e6ba4673"},
    {file = "PyYAML-6.0.1-cp311-cp311-musllinux_1_1_x86_64.whl", hash = "sha256:e7d73685e87afe9f3b36c799222440d6cf362062f78be1013661b00c5c6f678b"},
    {file = "PyYAML-6.0.1-cp311-cp311-win32.whl", hash = "sha256:1635fd110e8d85d55237ab316b5b011de701ea0f29d07611174a1b42f1444741"},
    {file = "PyYAML-6.0.1-cp311-cp311-win_amd64.whl", hash = "sha256:bf07ee2fef7014951eeb99f56f39c9bb4af143d8aa3c21b1677805985307da34"},
    {file = "PyYAML-6.0.1-cp312-cp312-macosx_10_9_x86_64.whl", hash = "sha256:855fb52b0dc35af121542a76b9a84f8d1cd886ea97c84703eaa6d88e37a2ad28"},
    {file = "PyYAML-6.0.1-cp312-cp312-macosx_11_0_arm64.whl", hash = "sha256:40df9b996c2b73138957fe23a16a4f0ba614f4c0efce1e9406a184b6d07fa3a9"},
    {file = "PyYAML-6.0.1-cp312-cp312-manylinux_2_17_x86_64.manylinux2014_x86_64.whl", hash = "sha256:6c22bec3fbe2524cde73d7ada88f6566758a8f7227bfbf93a408a9d86bcc12a0"},
    {file = "PyYAML-6.0.1-cp312-cp312-musllinux_1_1_x86_64.whl", hash = "sha256:8d4e9c88387b0f5c7d5f281e55304de64cf7f9c0021a3525bd3b1c542da3b0e4"},
    {file = "PyYAML-6.0.1-cp312-cp312-win32.whl", hash = "sha256:d483d2cdf104e7c9fa60c544d92981f12ad66a457afae824d146093b8c294c54"},
    {file = "PyYAML-6.0.1-cp312-cp312-win_amd64.whl", hash = "sha256:0d3304d8c0adc42be59c5f8a4d9e3d7379e6955ad754aa9d6ab7a398b59dd1df"},
    {file = "PyYAML-6.0.1-cp36-cp36m-macosx_10_9_x86_64.whl", hash = "sha256:50550eb667afee136e9a77d6dc71ae76a44df8b3e51e41b77f6de2932bfe0f47"},
    {file = "PyYAML-6.0.1-cp36-cp36m-manylinux_2_17_aarch64.manylinux2014_aarch64.whl", hash = "sha256:1fe35611261b29bd1de0070f0b2f47cb6ff71fa6595c077e42bd0c419fa27b98"},
    {file = "PyYAML-6.0.1-cp36-cp36m-manylinux_2_17_s390x.manylinux2014_s390x.whl", hash = "sha256:704219a11b772aea0d8ecd7058d0082713c3562b4e271b849ad7dc4a5c90c13c"},
    {file = "PyYAML-6.0.1-cp36-cp36m-manylinux_2_17_x86_64.manylinux2014_x86_64.whl", hash = "sha256:afd7e57eddb1a54f0f1a974bc4391af8bcce0b444685d936840f125cf046d5bd"},
    {file = "PyYAML-6.0.1-cp36-cp36m-win32.whl", hash = "sha256:fca0e3a251908a499833aa292323f32437106001d436eca0e6e7833256674585"},
    {file = "PyYAML-6.0.1-cp36-cp36m-win_amd64.whl", hash = "sha256:f22ac1c3cac4dbc50079e965eba2c1058622631e526bd9afd45fedd49ba781fa"},
    {file = "PyYAML-6.0.1-cp37-cp37m-macosx_10_9_x86_64.whl", hash = "sha256:b1275ad35a5d18c62a7220633c913e1b42d44b46ee12554e5fd39c70a243d6a3"},
    {file = "PyYAML-6.0.1-cp37-cp37m-manylinux_2_17_aarch64.manylinux2014_aarch64.whl", hash = "sha256:18aeb1bf9a78867dc38b259769503436b7c72f7a1f1f4c93ff9a17de54319b27"},
    {file = "PyYAML-6.0.1-cp37-cp37m-manylinux_2_17_s390x.manylinux2014_s390x.whl", hash = "sha256:596106435fa6ad000c2991a98fa58eeb8656ef2325d7e158344fb33864ed87e3"},
    {file = "PyYAML-6.0.1-cp37-cp37m-manylinux_2_17_x86_64.manylinux2014_x86_64.whl", hash = "sha256:baa90d3f661d43131ca170712d903e6295d1f7a0f595074f151c0aed377c9b9c"},
    {file = "PyYAML-6.0.1-cp37-cp37m-win32.whl", hash = "sha256:9046c58c4395dff28dd494285c82ba00b546adfc7ef001486fbf0324bc174fba"},
    {file = "PyYAML-6.0.1-cp37-cp37m-win_amd64.whl", hash = "sha256:4fb147e7a67ef577a588a0e2c17b6db51dda102c71de36f8549b6816a96e1867"},
    {file = "PyYAML-6.0.1-cp38-cp38-macosx_10_9_x86_64.whl", hash = "sha256:1d4c7e777c441b20e32f52bd377e0c409713e8bb1386e1099c2415f26e479595"},
    {file = "PyYAML-6.0.1-cp38-cp38-manylinux_2_17_aarch64.manylinux2014_aarch64.whl", hash = "sha256:a0cd17c15d3bb3fa06978b4e8958dcdc6e0174ccea823003a106c7d4d7899ac5"},
    {file = "PyYAML-6.0.1-cp38-cp38-manylinux_2_17_s390x.manylinux2014_s390x.whl", hash = "sha256:28c119d996beec18c05208a8bd78cbe4007878c6dd15091efb73a30e90539696"},
    {file = "PyYAML-6.0.1-cp38-cp38-manylinux_2_17_x86_64.manylinux2014_x86_64.whl", hash = "sha256:7e07cbde391ba96ab58e532ff4803f79c4129397514e1413a7dc761ccd755735"},
    {file = "PyYAML-6.0.1-cp38-cp38-musllinux_1_1_x86_64.whl", hash = "sha256:49a183be227561de579b4a36efbb21b3eab9651dd81b1858589f796549873dd6"},
    {file = "PyYAML-6.0.1-cp38-cp38-win32.whl", hash = "sha256:184c5108a2aca3c5b3d3bf9395d50893a7ab82a38004c8f61c258d4428e80206"},
    {file = "PyYAML-6.0.1-cp38-cp38-win_amd64.whl", hash = "sha256:1e2722cc9fbb45d9b87631ac70924c11d3a401b2d7f410cc0e3bbf249f2dca62"},
    {file = "PyYAML-6.0.1-cp39-cp39-macosx_10_9_x86_64.whl", hash = "sha256:9eb6caa9a297fc2c2fb8862bc5370d0303ddba53ba97e71f08023b6cd73d16a8"},
    {file = "PyYAML-6.0.1-cp39-cp39-macosx_11_0_arm64.whl", hash = "sha256:c8098ddcc2a85b61647b2590f825f3db38891662cfc2fc776415143f599bb859"},
    {file = "PyYAML-6.0.1-cp39-cp39-manylinux_2_17_aarch64.manylinux2014_aarch64.whl", hash = "sha256:5773183b6446b2c99bb77e77595dd486303b4faab2b086e7b17bc6bef28865f6"},
    {file = "PyYAML-6.0.1-cp39-cp39-manylinux_2_17_s390x.manylinux2014_s390x.whl", hash = "sha256:b786eecbdf8499b9ca1d697215862083bd6d2a99965554781d0d8d1ad31e13a0"},
    {file = "PyYAML-6.0.1-cp39-cp39-manylinux_2_17_x86_64.manylinux2014_x86_64.whl", hash = "sha256:bc1bf2925a1ecd43da378f4db9e4f799775d6367bdb94671027b73b393a7c42c"},
    {file = "PyYAML-6.0.1-cp39-cp39-musllinux_1_1_x86_64.whl", hash = "sha256:04ac92ad1925b2cff1db0cfebffb6ffc43457495c9b3c39d3fcae417d7125dc5"},
    {file = "PyYAML-6.0.1-cp39-cp39-win32.whl", hash = "sha256:faca3bdcf85b2fc05d06ff3fbc1f83e1391b3e724afa3feba7d13eeab355484c"},
    {file = "PyYAML-6.0.1-cp39-cp39-win_amd64.whl", hash = "sha256:510c9deebc5c0225e8c96813043e62b680ba2f9c50a08d3724c7f28a747d1486"},
    {file = "PyYAML-6.0.1.tar.gz", hash = "sha256:bfdf460b1736c775f2ba9f6a92bca30bc2095067b8a9d77876d1fad6cc3b4a43"},
]

[[package]]
name = "sniffio"
version = "1.3.1"
description = "Sniff out which async library your code is running under"
optional = false
python-versions = ">=3.7"
files = [
    {file = "sniffio-1.3.1-py3-none-any.whl", hash = "sha256:2f6da418d1f1e0fddd844478f41680e794e6051915791a034ff65e5f100525a2"},
    {file = "sniffio-1.3.1.tar.gz", hash = "sha256:f4324edc670a0f49750a81b895f35c3adb843cca46f0530f79fc1babb23789dc"},
]

[[package]]
name = "types-aiofiles"
version = "23.2.0.20240403"
description = "Typing stubs for aiofiles"
optional = false
python-versions = ">=3.8"
files = [
    {file = "types-aiofiles-23.2.0.20240403.tar.gz", hash = "sha256:1ffcf8f5f72b81f71139f754ea2610ab0017f27ba4fd771e187b07840ee49c0f"},
    {file = "types_aiofiles-23.2.0.20240403-py3-none-any.whl", hash = "sha256:adeeb4b999f19fda2dfe91c07857ff54701b6ee9b227b523a5a7be92125a2c5f"},
]

[[package]]
name = "typing-extensions"
version = "4.12.1"
description = "Backported and Experimental Type Hints for Python 3.8+"
optional = false
python-versions = ">=3.8"
files = [
    {file = "typing_extensions-4.12.1-py3-none-any.whl", hash = "sha256:6024b58b69089e5a89c347397254e35f1bf02a907728ec7fee9bf0fe837d203a"},
    {file = "typing_extensions-4.12.1.tar.gz", hash = "sha256:915f5e35ff76f56588223f15fdd5938f9a1cf9195c0de25130c627e4d597f6d1"},
]

[[package]]
name = "typing-extensions"
version = "4.12.2"
description = "Backported and Experimental Type Hints for Python 3.8+"
optional = false
python-versions = ">=3.8"
files = [
    {file = "typing_extensions-4.12.2-py3-none-any.whl", hash = "sha256:04e5ca0351e0f3f85c6853954072df659d0d13fac324d0072316b67d7794700d"},
    {file = "typing_extensions-4.12.2.tar.gz", hash = "sha256:1a7ead55c7e559dd4dee8856e3a88b41225abfe1ce8df57b7c13915fe121ffb8"},
]

[[package]]
name = "watchdog"
version = "4.0.1"
description = "Filesystem events monitoring"
optional = false
python-versions = ">=3.8"
files = [
    {file = "watchdog-4.0.1-cp310-cp310-macosx_10_9_universal2.whl", hash = "sha256:da2dfdaa8006eb6a71051795856bedd97e5b03e57da96f98e375682c48850645"},
    {file = "watchdog-4.0.1-cp310-cp310-macosx_10_9_x86_64.whl", hash = "sha256:e93f451f2dfa433d97765ca2634628b789b49ba8b504fdde5837cdcf25fdb53b"},
    {file = "watchdog-4.0.1-cp310-cp310-macosx_11_0_arm64.whl", hash = "sha256:ef0107bbb6a55f5be727cfc2ef945d5676b97bffb8425650dadbb184be9f9a2b"},
    {file = "watchdog-4.0.1-cp311-cp311-macosx_10_9_universal2.whl", hash = "sha256:17e32f147d8bf9657e0922c0940bcde863b894cd871dbb694beb6704cfbd2fb5"},
    {file = "watchdog-4.0.1-cp311-cp311-macosx_10_9_x86_64.whl", hash = "sha256:03e70d2df2258fb6cb0e95bbdbe06c16e608af94a3ffbd2b90c3f1e83eb10767"},
    {file = "watchdog-4.0.1-cp311-cp311-macosx_11_0_arm64.whl", hash = "sha256:123587af84260c991dc5f62a6e7ef3d1c57dfddc99faacee508c71d287248459"},
    {file = "watchdog-4.0.1-cp312-cp312-macosx_10_9_universal2.whl", hash = "sha256:093b23e6906a8b97051191a4a0c73a77ecc958121d42346274c6af6520dec175"},
    {file = "watchdog-4.0.1-cp312-cp312-macosx_10_9_x86_64.whl", hash = "sha256:611be3904f9843f0529c35a3ff3fd617449463cb4b73b1633950b3d97fa4bfb7"},
    {file = "watchdog-4.0.1-cp312-cp312-macosx_11_0_arm64.whl", hash = "sha256:62c613ad689ddcb11707f030e722fa929f322ef7e4f18f5335d2b73c61a85c28"},
    {file = "watchdog-4.0.1-cp38-cp38-macosx_10_9_universal2.whl", hash = "sha256:d4925e4bf7b9bddd1c3de13c9b8a2cdb89a468f640e66fbfabaf735bd85b3e35"},
    {file = "watchdog-4.0.1-cp38-cp38-macosx_10_9_x86_64.whl", hash = "sha256:cad0bbd66cd59fc474b4a4376bc5ac3fc698723510cbb64091c2a793b18654db"},
    {file = "watchdog-4.0.1-cp38-cp38-macosx_11_0_arm64.whl", hash = "sha256:a3c2c317a8fb53e5b3d25790553796105501a235343f5d2bf23bb8649c2c8709"},
    {file = "watchdog-4.0.1-cp39-cp39-macosx_10_9_universal2.whl", hash = "sha256:c9904904b6564d4ee8a1ed820db76185a3c96e05560c776c79a6ce5ab71888ba"},
    {file = "watchdog-4.0.1-cp39-cp39-macosx_10_9_x86_64.whl", hash = "sha256:667f3c579e813fcbad1b784db7a1aaa96524bed53437e119f6a2f5de4db04235"},
    {file = "watchdog-4.0.1-cp39-cp39-macosx_11_0_arm64.whl", hash = "sha256:d10a681c9a1d5a77e75c48a3b8e1a9f2ae2928eda463e8d33660437705659682"},
    {file = "watchdog-4.0.1-pp310-pypy310_pp73-macosx_10_9_x86_64.whl", hash = "sha256:0144c0ea9997b92615af1d94afc0c217e07ce2c14912c7b1a5731776329fcfc7"},
    {file = "watchdog-4.0.1-pp310-pypy310_pp73-macosx_11_0_arm64.whl", hash = "sha256:998d2be6976a0ee3a81fb8e2777900c28641fb5bfbd0c84717d89bca0addcdc5"},
    {file = "watchdog-4.0.1-pp38-pypy38_pp73-macosx_10_9_x86_64.whl", hash = "sha256:e7921319fe4430b11278d924ef66d4daa469fafb1da679a2e48c935fa27af193"},
    {file = "watchdog-4.0.1-pp38-pypy38_pp73-macosx_11_0_arm64.whl", hash = "sha256:f0de0f284248ab40188f23380b03b59126d1479cd59940f2a34f8852db710625"},
    {file = "watchdog-4.0.1-pp39-pypy39_pp73-macosx_10_9_x86_64.whl", hash = "sha256:bca36be5707e81b9e6ce3208d92d95540d4ca244c006b61511753583c81c70dd"},
    {file = "watchdog-4.0.1-pp39-pypy39_pp73-macosx_11_0_arm64.whl", hash = "sha256:ab998f567ebdf6b1da7dc1e5accfaa7c6992244629c0fdaef062f43249bd8dee"},
    {file = "watchdog-4.0.1-py3-none-manylinux2014_aarch64.whl", hash = "sha256:dddba7ca1c807045323b6af4ff80f5ddc4d654c8bce8317dde1bd96b128ed253"},
    {file = "watchdog-4.0.1-py3-none-manylinux2014_armv7l.whl", hash = "sha256:4513ec234c68b14d4161440e07f995f231be21a09329051e67a2118a7a612d2d"},
    {file = "watchdog-4.0.1-py3-none-manylinux2014_i686.whl", hash = "sha256:4107ac5ab936a63952dea2a46a734a23230aa2f6f9db1291bf171dac3ebd53c6"},
    {file = "watchdog-4.0.1-py3-none-manylinux2014_ppc64.whl", hash = "sha256:6e8c70d2cd745daec2a08734d9f63092b793ad97612470a0ee4cbb8f5f705c57"},
    {file = "watchdog-4.0.1-py3-none-manylinux2014_ppc64le.whl", hash = "sha256:f27279d060e2ab24c0aa98363ff906d2386aa6c4dc2f1a374655d4e02a6c5e5e"},
    {file = "watchdog-4.0.1-py3-none-manylinux2014_s390x.whl", hash = "sha256:f8affdf3c0f0466e69f5b3917cdd042f89c8c63aebdb9f7c078996f607cdb0f5"},
    {file = "watchdog-4.0.1-py3-none-manylinux2014_x86_64.whl", hash = "sha256:ac7041b385f04c047fcc2951dc001671dee1b7e0615cde772e84b01fbf68ee84"},
    {file = "watchdog-4.0.1-py3-none-win32.whl", hash = "sha256:206afc3d964f9a233e6ad34618ec60b9837d0582b500b63687e34011e15bb429"},
    {file = "watchdog-4.0.1-py3-none-win_amd64.whl", hash = "sha256:7577b3c43e5909623149f76b099ac49a1a01ca4e167d1785c76eb52fa585745a"},
    {file = "watchdog-4.0.1-py3-none-win_ia64.whl", hash = "sha256:d7b9f5f3299e8dd230880b6c55504a1f69cf1e4316275d1b215ebdd8187ec88d"},
    {file = "watchdog-4.0.1.tar.gz", hash = "sha256:eebaacf674fa25511e8867028d281e602ee6500045b57f43b08778082f7f8b44"},
]

[package.extras]
watchmedo = ["PyYAML (>=3.10)"]

[[package]]
name = "watchfiles"
version = "0.22.0"
description = "Simple, modern and high performance file watching and code reload in python."
optional = false
python-versions = ">=3.8"
files = [
    {file = "watchfiles-0.22.0-cp310-cp310-macosx_10_12_x86_64.whl", hash = "sha256:da1e0a8caebf17976e2ffd00fa15f258e14749db5e014660f53114b676e68538"},
    {file = "watchfiles-0.22.0-cp310-cp310-macosx_11_0_arm64.whl", hash = "sha256:61af9efa0733dc4ca462347becb82e8ef4945aba5135b1638bfc20fad64d4f0e"},
    {file = "watchfiles-0.22.0-cp310-cp310-manylinux_2_17_aarch64.manylinux2014_aarch64.whl", hash = "sha256:1d9188979a58a096b6f8090e816ccc3f255f137a009dd4bbec628e27696d67c1"},
    {file = "watchfiles-0.22.0-cp310-cp310-manylinux_2_17_armv7l.manylinux2014_armv7l.whl", hash = "sha256:2bdadf6b90c099ca079d468f976fd50062905d61fae183f769637cb0f68ba59a"},
    {file = "watchfiles-0.22.0-cp310-cp310-manylinux_2_17_i686.manylinux2014_i686.whl", hash = "sha256:067dea90c43bf837d41e72e546196e674f68c23702d3ef80e4e816937b0a3ffd"},
    {file = "watchfiles-0.22.0-cp310-cp310-manylinux_2_17_ppc64le.manylinux2014_ppc64le.whl", hash = "sha256:bbf8a20266136507abf88b0df2328e6a9a7c7309e8daff124dda3803306a9fdb"},
    {file = "watchfiles-0.22.0-cp310-cp310-manylinux_2_17_s390x.manylinux2014_s390x.whl", hash = "sha256:1235c11510ea557fe21be5d0e354bae2c655a8ee6519c94617fe63e05bca4171"},
    {file = "watchfiles-0.22.0-cp310-cp310-manylinux_2_17_x86_64.manylinux2014_x86_64.whl", hash = "sha256:c2444dc7cb9d8cc5ab88ebe792a8d75709d96eeef47f4c8fccb6df7c7bc5be71"},
    {file = "watchfiles-0.22.0-cp310-cp310-musllinux_1_1_aarch64.whl", hash = "sha256:c5af2347d17ab0bd59366db8752d9e037982e259cacb2ba06f2c41c08af02c39"},
    {file = "watchfiles-0.22.0-cp310-cp310-musllinux_1_1_x86_64.whl", hash = "sha256:9624a68b96c878c10437199d9a8b7d7e542feddda8d5ecff58fdc8e67b460848"},
    {file = "watchfiles-0.22.0-cp310-none-win32.whl", hash = "sha256:4b9f2a128a32a2c273d63eb1fdbf49ad64852fc38d15b34eaa3f7ca2f0d2b797"},
    {file = "watchfiles-0.22.0-cp310-none-win_amd64.whl", hash = "sha256:2627a91e8110b8de2406d8b2474427c86f5a62bf7d9ab3654f541f319ef22bcb"},
    {file = "watchfiles-0.22.0-cp311-cp311-macosx_10_12_x86_64.whl", hash = "sha256:8c39987a1397a877217be1ac0fb1d8b9f662c6077b90ff3de2c05f235e6a8f96"},
    {file = "watchfiles-0.22.0-cp311-cp311-macosx_11_0_arm64.whl", hash = "sha256:a927b3034d0672f62fb2ef7ea3c9fc76d063c4b15ea852d1db2dc75fe2c09696"},
    {file = "watchfiles-0.22.0-cp311-cp311-manylinux_2_17_aarch64.manylinux2014_aarch64.whl", hash = "sha256:052d668a167e9fc345c24203b104c313c86654dd6c0feb4b8a6dfc2462239249"},
    {file = "watchfiles-0.22.0-cp311-cp311-manylinux_2_17_armv7l.manylinux2014_armv7l.whl", hash = "sha256:5e45fb0d70dda1623a7045bd00c9e036e6f1f6a85e4ef2c8ae602b1dfadf7550"},
    {file = "watchfiles-0.22.0-cp311-cp311-manylinux_2_17_i686.manylinux2014_i686.whl", hash = "sha256:c49b76a78c156979759d759339fb62eb0549515acfe4fd18bb151cc07366629c"},
    {file = "watchfiles-0.22.0-cp311-cp311-manylinux_2_17_ppc64le.manylinux2014_ppc64le.whl", hash = "sha256:c4a65474fd2b4c63e2c18ac67a0c6c66b82f4e73e2e4d940f837ed3d2fd9d4da"},
    {file = "watchfiles-0.22.0-cp311-cp311-manylinux_2_17_s390x.manylinux2014_s390x.whl", hash = "sha256:1cc0cba54f47c660d9fa3218158b8963c517ed23bd9f45fe463f08262a4adae1"},
    {file = "watchfiles-0.22.0-cp311-cp311-manylinux_2_17_x86_64.manylinux2014_x86_64.whl", hash = "sha256:94ebe84a035993bb7668f58a0ebf998174fb723a39e4ef9fce95baabb42b787f"},
    {file = "watchfiles-0.22.0-cp311-cp311-musllinux_1_1_aarch64.whl", hash = "sha256:e0f0a874231e2839abbf473256efffe577d6ee2e3bfa5b540479e892e47c172d"},
    {file = "watchfiles-0.22.0-cp311-cp311-musllinux_1_1_x86_64.whl", hash = "sha256:213792c2cd3150b903e6e7884d40660e0bcec4465e00563a5fc03f30ea9c166c"},
    {file = "watchfiles-0.22.0-cp311-none-win32.whl", hash = "sha256:b44b70850f0073b5fcc0b31ede8b4e736860d70e2dbf55701e05d3227a154a67"},
    {file = "watchfiles-0.22.0-cp311-none-win_amd64.whl", hash = "sha256:00f39592cdd124b4ec5ed0b1edfae091567c72c7da1487ae645426d1b0ffcad1"},
    {file = "watchfiles-0.22.0-cp311-none-win_arm64.whl", hash = "sha256:3218a6f908f6a276941422b035b511b6d0d8328edd89a53ae8c65be139073f84"},
    {file = "watchfiles-0.22.0-cp312-cp312-macosx_10_12_x86_64.whl", hash = "sha256:c7b978c384e29d6c7372209cbf421d82286a807bbcdeb315427687f8371c340a"},
    {file = "watchfiles-0.22.0-cp312-cp312-macosx_11_0_arm64.whl", hash = "sha256:bd4c06100bce70a20c4b81e599e5886cf504c9532951df65ad1133e508bf20be"},
    {file = "watchfiles-0.22.0-cp312-cp312-manylinux_2_17_aarch64.manylinux2014_aarch64.whl", hash = "sha256:425440e55cd735386ec7925f64d5dde392e69979d4c8459f6bb4e920210407f2"},
    {file = "watchfiles-0.22.0-cp312-cp312-manylinux_2_17_armv7l.manylinux2014_armv7l.whl", hash = "sha256:68fe0c4d22332d7ce53ad094622b27e67440dacefbaedd29e0794d26e247280c"},
    {file = "watchfiles-0.22.0-cp312-cp312-manylinux_2_17_i686.manylinux2014_i686.whl", hash = "sha256:a8a31bfd98f846c3c284ba694c6365620b637debdd36e46e1859c897123aa232"},
    {file = "watchfiles-0.22.0-cp312-cp312-manylinux_2_17_ppc64le.manylinux2014_ppc64le.whl", hash = "sha256:dc2e8fe41f3cac0660197d95216c42910c2b7e9c70d48e6d84e22f577d106fc1"},
    {file = "watchfiles-0.22.0-cp312-cp312-manylinux_2_17_s390x.manylinux2014_s390x.whl", hash = "sha256:55b7cc10261c2786c41d9207193a85c1db1b725cf87936df40972aab466179b6"},
    {file = "watchfiles-0.22.0-cp312-cp312-manylinux_2_17_x86_64.manylinux2014_x86_64.whl", hash = "sha256:28585744c931576e535860eaf3f2c0ec7deb68e3b9c5a85ca566d69d36d8dd27"},
    {file = "watchfiles-0.22.0-cp312-cp312-musllinux_1_1_aarch64.whl", hash = "sha256:00095dd368f73f8f1c3a7982a9801190cc88a2f3582dd395b289294f8975172b"},
    {file = "watchfiles-0.22.0-cp312-cp312-musllinux_1_1_x86_64.whl", hash = "sha256:52fc9b0dbf54d43301a19b236b4a4614e610605f95e8c3f0f65c3a456ffd7d35"},
    {file = "watchfiles-0.22.0-cp312-none-win32.whl", hash = "sha256:581f0a051ba7bafd03e17127735d92f4d286af941dacf94bcf823b101366249e"},
    {file = "watchfiles-0.22.0-cp312-none-win_amd64.whl", hash = "sha256:aec83c3ba24c723eac14225194b862af176d52292d271c98820199110e31141e"},
    {file = "watchfiles-0.22.0-cp312-none-win_arm64.whl", hash = "sha256:c668228833c5619f6618699a2c12be057711b0ea6396aeaece4ded94184304ea"},
    {file = "watchfiles-0.22.0-cp38-cp38-macosx_10_12_x86_64.whl", hash = "sha256:d47e9ef1a94cc7a536039e46738e17cce058ac1593b2eccdede8bf72e45f372a"},
    {file = "watchfiles-0.22.0-cp38-cp38-macosx_11_0_arm64.whl", hash = "sha256:28f393c1194b6eaadcdd8f941307fc9bbd7eb567995232c830f6aef38e8a6e88"},
    {file = "watchfiles-0.22.0-cp38-cp38-manylinux_2_17_aarch64.manylinux2014_aarch64.whl", hash = "sha256:dd64f3a4db121bc161644c9e10a9acdb836853155a108c2446db2f5ae1778c3d"},
    {file = "watchfiles-0.22.0-cp38-cp38-manylinux_2_17_armv7l.manylinux2014_armv7l.whl", hash = "sha256:2abeb79209630da981f8ebca30a2c84b4c3516a214451bfc5f106723c5f45843"},
    {file = "watchfiles-0.22.0-cp38-cp38-manylinux_2_17_i686.manylinux2014_i686.whl", hash = "sha256:4cc382083afba7918e32d5ef12321421ef43d685b9a67cc452a6e6e18920890e"},
    {file = "watchfiles-0.22.0-cp38-cp38-manylinux_2_17_ppc64le.manylinux2014_ppc64le.whl", hash = "sha256:d048ad5d25b363ba1d19f92dcf29023988524bee6f9d952130b316c5802069cb"},
    {file = "watchfiles-0.22.0-cp38-cp38-manylinux_2_17_s390x.manylinux2014_s390x.whl", hash = "sha256:103622865599f8082f03af4214eaff90e2426edff5e8522c8f9e93dc17caee13"},
    {file = "watchfiles-0.22.0-cp38-cp38-manylinux_2_17_x86_64.manylinux2014_x86_64.whl", hash = "sha256:d3e1f3cf81f1f823e7874ae563457828e940d75573c8fbf0ee66818c8b6a9099"},
    {file = "watchfiles-0.22.0-cp38-cp38-musllinux_1_1_aarch64.whl", hash = "sha256:8597b6f9dc410bdafc8bb362dac1cbc9b4684a8310e16b1ff5eee8725d13dcd6"},
    {file = "watchfiles-0.22.0-cp38-cp38-musllinux_1_1_x86_64.whl", hash = "sha256:0b04a2cbc30e110303baa6d3ddce8ca3664bc3403be0f0ad513d1843a41c97d1"},
    {file = "watchfiles-0.22.0-cp38-none-win32.whl", hash = "sha256:b610fb5e27825b570554d01cec427b6620ce9bd21ff8ab775fc3a32f28bba63e"},
    {file = "watchfiles-0.22.0-cp38-none-win_amd64.whl", hash = "sha256:fe82d13461418ca5e5a808a9e40f79c1879351fcaeddbede094028e74d836e86"},
    {file = "watchfiles-0.22.0-cp39-cp39-macosx_10_12_x86_64.whl", hash = "sha256:3973145235a38f73c61474d56ad6199124e7488822f3a4fc97c72009751ae3b0"},
    {file = "watchfiles-0.22.0-cp39-cp39-macosx_11_0_arm64.whl", hash = "sha256:280a4afbc607cdfc9571b9904b03a478fc9f08bbeec382d648181c695648202f"},
    {file = "watchfiles-0.22.0-cp39-cp39-manylinux_2_17_aarch64.manylinux2014_aarch64.whl", hash = "sha256:3a0d883351a34c01bd53cfa75cd0292e3f7e268bacf2f9e33af4ecede7e21d1d"},
    {file = "watchfiles-0.22.0-cp39-cp39-manylinux_2_17_armv7l.manylinux2014_armv7l.whl", hash = "sha256:9165bcab15f2b6d90eedc5c20a7f8a03156b3773e5fb06a790b54ccecdb73385"},
    {file = "watchfiles-0.22.0-cp39-cp39-manylinux_2_17_i686.manylinux2014_i686.whl", hash = "sha256:dc1b9b56f051209be458b87edb6856a449ad3f803315d87b2da4c93b43a6fe72"},
    {file = "watchfiles-0.22.0-cp39-cp39-manylinux_2_17_ppc64le.manylinux2014_ppc64le.whl", hash = "sha256:8dc1fc25a1dedf2dd952909c8e5cb210791e5f2d9bc5e0e8ebc28dd42fed7562"},
    {file = "watchfiles-0.22.0-cp39-cp39-manylinux_2_17_s390x.manylinux2014_s390x.whl", hash = "sha256:dc92d2d2706d2b862ce0568b24987eba51e17e14b79a1abcd2edc39e48e743c8"},
    {file = "watchfiles-0.22.0-cp39-cp39-manylinux_2_17_x86_64.manylinux2014_x86_64.whl", hash = "sha256:97b94e14b88409c58cdf4a8eaf0e67dfd3ece7e9ce7140ea6ff48b0407a593ec"},
    {file = "watchfiles-0.22.0-cp39-cp39-musllinux_1_1_aarch64.whl", hash = "sha256:96eec15e5ea7c0b6eb5bfffe990fc7c6bd833acf7e26704eb18387fb2f5fd087"},
    {file = "watchfiles-0.22.0-cp39-cp39-musllinux_1_1_x86_64.whl", hash = "sha256:28324d6b28bcb8d7c1041648d7b63be07a16db5510bea923fc80b91a2a6cbed6"},
    {file = "watchfiles-0.22.0-cp39-none-win32.whl", hash = "sha256:8c3e3675e6e39dc59b8fe5c914a19d30029e36e9f99468dddffd432d8a7b1c93"},
    {file = "watchfiles-0.22.0-cp39-none-win_amd64.whl", hash = "sha256:25c817ff2a86bc3de3ed2df1703e3d24ce03479b27bb4527c57e722f8554d971"},
    {file = "watchfiles-0.22.0-pp310-pypy310_pp73-macosx_10_12_x86_64.whl", hash = "sha256:b810a2c7878cbdecca12feae2c2ae8af59bea016a78bc353c184fa1e09f76b68"},
    {file = "watchfiles-0.22.0-pp310-pypy310_pp73-macosx_11_0_arm64.whl", hash = "sha256:f7e1f9c5d1160d03b93fc4b68a0aeb82fe25563e12fbcdc8507f8434ab6f823c"},
    {file = "watchfiles-0.22.0-pp310-pypy310_pp73-manylinux_2_17_aarch64.manylinux2014_aarch64.whl", hash = "sha256:030bc4e68d14bcad2294ff68c1ed87215fbd9a10d9dea74e7cfe8a17869785ab"},
    {file = "watchfiles-0.22.0-pp310-pypy310_pp73-manylinux_2_17_x86_64.manylinux2014_x86_64.whl", hash = "sha256:ace7d060432acde5532e26863e897ee684780337afb775107c0a90ae8dbccfd2"},
    {file = "watchfiles-0.22.0-pp38-pypy38_pp73-macosx_10_12_x86_64.whl", hash = "sha256:5834e1f8b71476a26df97d121c0c0ed3549d869124ed2433e02491553cb468c2"},
    {file = "watchfiles-0.22.0-pp38-pypy38_pp73-macosx_11_0_arm64.whl", hash = "sha256:0bc3b2f93a140df6806c8467c7f51ed5e55a931b031b5c2d7ff6132292e803d6"},
    {file = "watchfiles-0.22.0-pp38-pypy38_pp73-manylinux_2_17_aarch64.manylinux2014_aarch64.whl", hash = "sha256:8fdebb655bb1ba0122402352b0a4254812717a017d2dc49372a1d47e24073795"},
    {file = "watchfiles-0.22.0-pp38-pypy38_pp73-manylinux_2_17_x86_64.manylinux2014_x86_64.whl", hash = "sha256:0c8e0aa0e8cc2a43561e0184c0513e291ca891db13a269d8d47cb9841ced7c71"},
    {file = "watchfiles-0.22.0-pp39-pypy39_pp73-macosx_10_12_x86_64.whl", hash = "sha256:2f350cbaa4bb812314af5dab0eb8d538481e2e2279472890864547f3fe2281ed"},
    {file = "watchfiles-0.22.0-pp39-pypy39_pp73-macosx_11_0_arm64.whl", hash = "sha256:7a74436c415843af2a769b36bf043b6ccbc0f8d784814ba3d42fc961cdb0a9dc"},
    {file = "watchfiles-0.22.0-pp39-pypy39_pp73-manylinux_2_17_aarch64.manylinux2014_aarch64.whl", hash = "sha256:00ad0bcd399503a84cc688590cdffbe7a991691314dde5b57b3ed50a41319a31"},
    {file = "watchfiles-0.22.0-pp39-pypy39_pp73-manylinux_2_17_x86_64.manylinux2014_x86_64.whl", hash = "sha256:72a44e9481afc7a5ee3291b09c419abab93b7e9c306c9ef9108cb76728ca58d2"},
    {file = "watchfiles-0.22.0.tar.gz", hash = "sha256:988e981aaab4f3955209e7e28c7794acdb690be1efa7f16f8ea5aba7ffdadacb"},
]

[package.dependencies]
anyio = ">=3.0.0"

[metadata]
lock-version = "2.0"
python-versions = "^3.9"
content-hash = "9ffc999219cdce8a11e237b932508806792d09014f8662b41c6a96328f8712e3"
